Microsoft Visual Studio Solution File, Format Version 12.00
# Visual Studio Version 17
VisualStudioVersion = 17.5.2.0
MinimumVisualStudioVersion = 10.0.40219.1
Project("{FAE04EC0-301F-11D3-BF4B-00C04F79EFBC}") = "Projeto-Gestao", "Projeto-Gestao.csproj", "{6035AECD-8656-8384-A8D0-0E1DAA430697}"
EndProject
Global
	GlobalSection(SolutionConfigurationPlatforms) = preSolution
		Debug|Any CPU = Debug|Any CPU
		Release|Any CPU = Release|Any CPU
	EndGlobalSection
	GlobalSection(ProjectConfigurationPlatforms) = postSolution
		{6035AECD-8656-8384-A8D0-0E1DAA430697}.Debug|Any CPU.ActiveCfg = Debug|Any CPU
		{6035AECD-8656-8384-A8D0-0E1DAA430697}.Debug|Any CPU.Build.0 = Debug|Any CPU
		{6035AECD-8656-8384-A8D0-0E1DAA430697}.Release|Any CPU.ActiveCfg = Release|Any CPU
		{6035AECD-8656-8384-A8D0-0E1DAA430697}.Release|Any CPU.Build.0 = Release|Any CPU
	EndGlobalSection
	GlobalSection(SolutionProperties) = preSolution
		HideSolutionNode = FALSE
	EndGlobalSection
	GlobalSection(ExtensibilityGlobals) = postSolution
		SolutionGuid = {20D74011-F46E-45AE-952F-E1BC15E9D7C9}
	EndGlobalSection
EndGlobal
